{
  "name": "miniprogram",
  "version": "1.0.0",
  "lockfileVersion": 3,
  "requires": true,
  "packages": {
    "": {
      "name": "miniprogram",
      "version": "1.0.0",
      "license": "ISC",
      "dependencies": {
        "tdesign-miniprogram": "^1.11.1"
      }
    },
    "node_modules/tdesign-miniprogram": {
      "version": "1.11.1",
      "resolved": "https://registry.npmjs.org/tdesign-miniprogram/-/tdesign-miniprogram-1.11.1.tgz",
      "integrity": "sha512-FsQ8bdTgf4U5iPhS9XQvCIGWjKol7X4uRv+X1IW6TbCfrGGBB0+QcSkoR1J68xE5rsaLSuCYBwHDX15sdEpzag==",
      "license": "MIT"
    }
  }
}
